<?xml version="1.0" encoding="utf-8"?>
<Project ToolsVersion="4.0" xmlns="http://schemas.microsoft.com/developer/msbuild/2003">
  <ItemGroup>
    <Filter Include="Source Files">
      <UniqueIdentifier>{4FC737F1-C7A5-4376-A066-2A32D752A2FF}</UniqueIdentifier>
      <Extensions>cpp;c;cc;cxx;c++;cppm;ixx;def;odl;idl;hpj;bat;asm;asmx</Extensions>
    </Filter>
    <Filter Include="Header Files">
      <UniqueIdentifier>{93995380-89BD-4b04-88EB-625FBE52EBFB}</UniqueIdentifier>
      <Extensions>h;hh;hpp;hxx;h++;hm;inl;inc;ipp;xsd</Extensions>
    </Filter>
    <Filter Include="Resource Files">
      <UniqueIdentifier>{67DA6AB6-F800-4c08-8B7A-83BB121AAD01}</UniqueIdentifier>
      <Extensions>rc;ico;cur;bmp;dlg;rc2;rct;bin;rgs;gif;jpg;jpeg;jpe;resx;tiff;tif;png;wav;mfcribbon-ms</Extensions>
    </Filter>
    <Filter Include="Header Files\mc">
      <UniqueIdentifier>{57eeeaa3-6880-4da6-a127-acfddf52a3db}</UniqueIdentifier>
    </Filter>
    <Filter Include="Header Files\utils">
      <UniqueIdentifier>{40a68ed7-5b7d-447c-ae7a-e68a10080236}</UniqueIdentifier>
    </Filter>
    <Filter Include="Header Files\cubiomes">
      <UniqueIdentifier>{09cf957a-8e33-4bc1-aa3b-35651c9e137e}</UniqueIdentifier>
    </Filter>
    <Filter Include="Header Files\features">
      <UniqueIdentifier>{50b487b6-2f84-48b3-af85-36719e376bad}</UniqueIdentifier>
    </Filter>
    <Filter Include="Header Files\loot">
      <UniqueIdentifier>{0ba14327-78e4-4fd0-8985-4ba05c27fcb9}</UniqueIdentifier>
    </Filter>
    <Filter Include="Header Files\structures">
      <UniqueIdentifier>{643d5859-b3fa-43ae-97eb-afd8df8765e3}</UniqueIdentifier>
    </Filter>
    <Filter Include="Header Files\building_blocks">
      <UniqueIdentifier>{bb86feeb-1fca-4d97-ad9d-d4dce9b34632}</UniqueIdentifier>
    </Filter>
    <Filter Include="Header Files\chunk_generator">
      <UniqueIdentifier>{aa094d6b-9ffb-4dd8-8096-1e9beb5a62ff}</UniqueIdentifier>
    </Filter>
    <Filter Include="Header Files\loot\base_classes">
      <UniqueIdentifier>{13c8c80d-cd33-4624-aedd-57b10a1c7fd3}</UniqueIdentifier>
    </Filter>
    <Filter Include="Header Files\structures\structure_rolls">
      <UniqueIdentifier>{7022b304-cd18-449b-b7ea-021dea41790b}</UniqueIdentifier>
    </Filter>
    <Filter Include="Header Files\structures\structure_generation">
      <UniqueIdentifier>{b2101902-ab01-4c0b-b863-4a1a6de981b4}</UniqueIdentifier>
    </Filter>
    <Filter Include="Header Files\structures\structure_generation\stronghold_generator">
      <UniqueIdentifier>{51787019-c043-4157-bf33-99173f4e74dd}</UniqueIdentifier>
    </Filter>
    <Filter Include="Header Files\structures\structure_placement">
      <UniqueIdentifier>{832ccdec-b883-4566-92c8-9f835611747a}</UniqueIdentifier>
    </Filter>
    <Filter Include="Source Files\building_blocks">
      <UniqueIdentifier>{85394f20-c72e-42f7-aee1-0850d30bafe1}</UniqueIdentifier>
    </Filter>
    <Filter Include="Source Files\chunk_generator">
      <UniqueIdentifier>{ebd065cd-a7ae-4ad0-9bb1-b617497f68c3}</UniqueIdentifier>
    </Filter>
    <Filter Include="Source Files\cubiomes">
      <UniqueIdentifier>{4e2db2f1-3503-47a3-b34a-8c8d5a33b501}</UniqueIdentifier>
    </Filter>
    <Filter Include="Source Files\structures">
      <UniqueIdentifier>{7c6fc91a-d900-4f45-ba92-96e7ac64774e}</UniqueIdentifier>
    </Filter>
    <Filter Include="Source Files\structures\structure_generation">
      <UniqueIdentifier>{1228127a-de3a-4fff-be4f-12ef61d80f8f}</UniqueIdentifier>
    </Filter>
    <Filter Include="Source Files\structures\structure_generation\stronghold_generator">
      <UniqueIdentifier>{c7fcd34e-989f-48a2-ab2e-67ee81676b9d}</UniqueIdentifier>
    </Filter>
    <Filter Include="Source Files\structures\structure_placement">
      <UniqueIdentifier>{3d43de7e-4276-4542-bfbe-81d217827088}</UniqueIdentifier>
    </Filter>
    <Filter Include="Source Files\utils">
      <UniqueIdentifier>{d22ce624-0fb4-410c-bffa-d0adaf759cd1}</UniqueIdentifier>
    </Filter>
  </ItemGroup>
  <ItemGroup>
    <ClCompile Include="main.cpp">
      <Filter>Source Files</Filter>
    </ClCompile>
    <ClCompile Include="LegacyCubiomes\building_blocks\BasePiece.cpp">
      <Filter>Source Files\building_blocks</Filter>
    </ClCompile>
    <ClCompile Include="LegacyCubiomes\building_blocks\BoundingBox.cpp">
      <Filter>Source Files\building_blocks</Filter>
    </ClCompile>
    <ClCompile Include="LegacyCubiomes\chunk_generator\biome.cpp">
      <Filter>Source Files\chunk_generator</Filter>
    </ClCompile>
    <ClCompile Include="LegacyCubiomes\chunk_generator\ChunkGenerator.cpp">
      <Filter>Source Files\chunk_generator</Filter>
    </ClCompile>
    <ClCompile Include="LegacyCubiomes\cubiomes\layers.cpp">
      <Filter>Source Files\cubiomes</Filter>
    </ClCompile>
    <ClCompile Include="LegacyCubiomes\cubiomes\noise.cpp">
      <Filter>Source Files\cubiomes</Filter>
    </ClCompile>
    <ClCompile Include="LegacyCubiomes\cubiomes\util.cpp">
      <Filter>Source Files\cubiomes</Filter>
    </ClCompile>
    <ClCompile Include="LegacyCubiomes\structures\structure_generation\stronghold_generator\StrongholdGenerator.cpp">
      <Filter>Source Files\structures\structure_generation\stronghold_generator</Filter>
    </ClCompile>
    <ClCompile Include="LegacyCubiomes\structures\structure_placement\DynamicStructures.cpp">
      <Filter>Source Files\structures\structure_placement</Filter>
    </ClCompile>
    <ClCompile Include="LegacyCubiomes\structures\structure_placement\StaticStructures.cpp">
      <Filter>Source Files\structures\structure_placement</Filter>
    </ClCompile>
    <ClCompile Include="LegacyCubiomes\structures\structure_placement\StrongholdStructure.cpp">
      <Filter>Source Files\structures\structure_placement</Filter>
    </ClCompile>
    <ClCompile Include="LegacyCubiomes\utils\pos2D.cpp">
      <Filter>Source Files\utils</Filter>
    </ClCompile>
    <ClCompile Include="LegacyCubiomes\utils\pos3D.cpp">
      <Filter>Source Files\utils</Filter>
    </ClCompile>
  </ItemGroup>
  <ItemGroup>
    <ClInclude Include="LegacyCubiomes\building_blocks\BasePiece.hpp">
      <Filter>Header Files\building_blocks</Filter>
    </ClInclude>
    <ClInclude Include="LegacyCubiomes\building_blocks\BoundingBox.hpp">
      <Filter>Header Files\building_blocks</Filter>
    </ClInclude>
    <ClInclude Include="LegacyCubiomes\chunk_generator\biome.hpp">
      <Filter>Header Files\chunk_generator</Filter>
    </ClInclude>
    <ClInclude Include="LegacyCubiomes\chunk_generator\CaveGenerator.hpp">
      <Filter>Header Files\chunk_generator</Filter>
    </ClInclude>
    <ClInclude Include="LegacyCubiomes\chunk_generator\Chunk.hpp">
      <Filter>Header Files\chunk_generator</Filter>
    </ClInclude>
    <ClInclude Include="LegacyCubiomes\chunk_generator\ChunkGenerator.hpp">
      <Filter>Header Files\chunk_generator</Filter>
    </ClInclude>
    <ClInclude Include="LegacyCubiomes\chunk_generator\ChunkPrimer.hpp">
      <Filter>Header Files\chunk_generator</Filter>
    </ClInclude>
    <ClInclude Include="LegacyCubiomes\chunk_generator\MapGenBase.hpp">
      <Filter>Header Files\chunk_generator</Filter>
    </ClInclude>
    <ClInclude Include="LegacyCubiomes\chunk_generator\NoiseGenerator.hpp">
      <Filter>Header Files\chunk_generator</Filter>
    </ClInclude>
    <ClInclude Include="LegacyCubiomes\chunk_generator\RavineGenerator.hpp">
      <Filter>Header Files\chunk_generator</Filter>
    </ClInclude>
    <ClInclude Include="LegacyCubiomes\chunk_generator\stuff.hpp">
      <Filter>Header Files\chunk_generator</Filter>
    </ClInclude>
    <ClInclude Include="LegacyCubiomes\cubiomes\generator.hpp">
      <Filter>Header Files\cubiomes</Filter>
    </ClInclude>
    <ClInclude Include="LegacyCubiomes\cubiomes\layers.hpp">
      <Filter>Header Files\cubiomes</Filter>
    </ClInclude>
    <ClInclude Include="LegacyCubiomes\cubiomes\noise.hpp">
      <Filter>Header Files\cubiomes</Filter>
    </ClInclude>
    <ClInclude Include="LegacyCubiomes\cubiomes\rng.hpp">
      <Filter>Header Files\cubiomes</Filter>
    </ClInclude>
    <ClInclude Include="LegacyCubiomes\cubiomes\util.hpp">
      <Filter>Header Files\cubiomes</Filter>
    </ClInclude>
    <ClInclude Include="LegacyCubiomes\features\lakes.hpp">
      <Filter>Header Files\features</Filter>
    </ClInclude>
    <ClInclude Include="LegacyCubiomes\structures\structure_rolls\base_rolls.hpp">
      <Filter>Header Files\structures\structure_rolls</Filter>
    </ClInclude>
    <ClInclude Include="LegacyCubiomes\structures\structure_rolls\stronghold_rolls.hpp">
      <Filter>Header Files\structures\structure_rolls</Filter>
    </ClInclude>
    <ClInclude Include="LegacyCubiomes\structures\structure_generation\stronghold_generator\PieceWeight.hpp">
      <Filter>Header Files\structures\structure_generation\stronghold_generator</Filter>
    </ClInclude>
    <ClInclude Include="LegacyCubiomes\structures\structure_generation\stronghold_generator\PiecePlaceCount.hpp">
      <Filter>Header Files\structures\structure_generation\stronghold_generator</Filter>
    </ClInclude>
    <ClInclude Include="LegacyCubiomes\structures\structure_generation\stronghold_generator\Piece.hpp">
      <Filter>Header Files\structures\structure_generation\stronghold_generator</Filter>
    </ClInclude>
    <ClInclude Include="LegacyCubiomes\structures\structure_generation\stronghold_generator\Enums.hpp">
      <Filter>Header Files\structures\structure_generation\stronghold_generator</Filter>
    </ClInclude>
    <ClInclude Include="LegacyCubiomes\structures\structure_generation\stronghold_generator\StrongholdGenerator.hpp">
      <Filter>Header Files\structures\structure_generation\stronghold_generator</Filter>
    </ClInclude>
    <ClInclude Include="LegacyCubiomes\utils\json.hpp">
      <Filter>Header Files\utils</Filter>
    </ClInclude>
    <ClInclude Include="LegacyCubiomes\loot\base_classes\loot.hpp">
      <Filter>Header Files\loot\base_classes</Filter>
    </ClInclude>
    <ClInclude Include="LegacyCubiomes\loot\base_classes\loot_classes.hpp">
      <Filter>Header Files\loot\base_classes</Filter>
    </ClInclude>
    <ClInclude Include="LegacyCubiomes\loot\base_classes\stronghold_loot.hpp">
      <Filter>Header Files\loot\base_classes</Filter>
    </ClInclude>
    <ClInclude Include="LegacyCubiomes\utils\constants.hpp">
      <Filter>Header Files\utils</Filter>
    </ClInclude>
    <ClInclude Include="LegacyCubiomes\utils\enums.hpp">
      <Filter>Header Files\utils</Filter>
    </ClInclude>
    <ClInclude Include="LegacyCubiomes\utils\pos2D.hpp">
      <Filter>Header Files\utils</Filter>
    </ClInclude>
    <ClInclude Include="LegacyCubiomes\utils\pos3D.hpp">
      <Filter>Header Files\utils</Filter>
    </ClInclude>
    <ClInclude Include="LegacyCubiomes\structures\structure_placement\DynamicStructures.hpp">
      <Filter>Header Files\structures\structure_placement</Filter>
    </ClInclude>
    <ClInclude Include="LegacyCubiomes\structures\structure_placement\StaticStructures.hpp">
      <Filter>Header Files\structures\structure_placement</Filter>
    </ClInclude>
    <ClInclude Include="LegacyCubiomes\structures\structure_placement\StrongholdStructure.hpp">
      <Filter>Header Files\structures\structure_placement</Filter>
    </ClInclude>
    <ClInclude Include="LegacyCubiomes\chunk_generator\block.hpp">
      <Filter>Header Files\chunk_generator</Filter>
    </ClInclude>
    <ClInclude Include="LegacyCubiomes\mc\itemID.hpp">
      <Filter>Header Files\mc</Filter>
    </ClInclude>
    <ClInclude Include="LegacyCubiomes\mc\itemTypes.hpp">
      <Filter>Header Files\mc</Filter>
    </ClInclude>
    <ClInclude Include="LegacyCubiomes\mc\items.hpp">
      <Filter>Header Files\mc</Filter>
    </ClInclude>
    <ClInclude Include="LegacyCubiomes\loot\abandoned_mineshaft.hpp">
      <Filter>Header Files\loot</Filter>
    </ClInclude>
    <ClInclude Include="LegacyCubiomes\loot\blacksmith.hpp">
      <Filter>Header Files\loot</Filter>
    </ClInclude>
    <ClInclude Include="LegacyCubiomes\loot\buried_treasure.hpp">
      <Filter>Header Files\loot</Filter>
    </ClInclude>
    <ClInclude Include="LegacyCubiomes\loot\desert_temple.hpp">
      <Filter>Header Files\loot</Filter>
    </ClInclude>
    <ClInclude Include="LegacyCubiomes\loot\end_city_treasure.hpp">
      <Filter>Header Files\loot</Filter>
    </ClInclude>
    <ClInclude Include="LegacyCubiomes\loot\igloo_chest.hpp">
      <Filter>Header Files\loot</Filter>
    </ClInclude>
    <ClInclude Include="LegacyCubiomes\loot\jungle_temple.hpp">
      <Filter>Header Files\loot</Filter>
    </ClInclude>
    <ClInclude Include="LegacyCubiomes\loot\jungle_temple_dispenser.hpp">
      <Filter>Header Files\loot</Filter>
    </ClInclude>
    <ClInclude Include="LegacyCubiomes\structures\dynamic\Mansion\Mansion.hpp">
      <Filter>Header Files\loot</Filter>
    </ClInclude>
    <ClInclude Include="LegacyCubiomes\loot\nether_bridge.hpp">
      <Filter>Header Files\loot</Filter>
    </ClInclude>
    <ClInclude Include="LegacyCubiomes\loot\setup.hpp">
      <Filter>Header Files\loot</Filter>
    </ClInclude>
    <ClInclude Include="LegacyCubiomes\loot\simple_dungeon.hpp">
      <Filter>Header Files\loot</Filter>
    </ClInclude>
    <ClInclude Include="LegacyCubiomes\loot\spawn_bonus_chest.hpp">
      <Filter>Header Files\loot</Filter>
    </ClInclude>
    <ClInclude Include="LegacyCubiomes\loot\stronghold_corridor.hpp">
      <Filter>Header Files\loot</Filter>
    </ClInclude>
    <ClInclude Include="LegacyCubiomes\loot\stronghold_crossing.hpp">
      <Filter>Header Files\loot</Filter>
    </ClInclude>
    <ClInclude Include="LegacyCubiomes\loot\stronghold_library.hpp">
      <Filter>Header Files\loot</Filter>
    </ClInclude>
    <ClInclude Include="LegacyCubiomes\loot\woodland_mansion.hpp">
      <Filter>Header Files\loot</Filter>
    </ClInclude>
  </ItemGroup>
</Project>